{
  "version": 4,
  "terraform_version": "1.14.4",
  "serial": 4,
  "lineage": "23994826-20ba-a017-ea2a-db73c1fd99ea",
  "outputs": {},
  "resources": [
    {
      "mode": "managed",
      "type": "local_file",
      "name": "inventory_static",
      "provider": "provider[\"registry.terraform.io/hashicorp/local\"]",
      "instances": [
        {
          "schema_version": 0,
          "attributes": {
            "content": "inventory:\r\n  vm1:\r\n    name: server_batman\r\n    ip: 10.0.0.10\r\n  vm2:\r\n    name: server_spiderman\r\n    ip: 10.0.0.20\r\n",
            "content_base64": null,
            "content_base64sha256": "9zUMRktfkb8azPWwrj1Q3m7yF3ip+0y7+gLp0GSrTB0=",
            "content_base64sha512": "0MsJ6RsMpdRKaPqGb3382CXYXUDsWve4rX6v8rc7mD58yfndWNNrHh8QkZUdqyojLGKfw+jhVf9ZosxdiPFeOA==",
            "content_md5": "3ba0780a0672f8b6b827275b602d77b0",
            "content_sha1": "16f61c896017984e8a8112923add7a0fca524b24",
            "content_sha256": "f7350c464b5f91bf1accf5b0ae3d50de6ef21778a9fb4cbbfa02e9d064ab4c1d",
            "content_sha512": "d0cb09e91b0ca5d44a68fa866f7dfcd825d85d40ec5af7b8ad7eaff2b73b983e7cc9f9dd58d36b1e1f1091951dab2a232c629fc3e8e155ff59a2cc5d88f15e38",
            "directory_permission": "0777",
            "file_permission": "0777",
            "filename": "ansible_inputs/inventory.yaml",
            "id": "16f61c896017984e8a8112923add7a0fca524b24",
            "sensitive_content": null,
            "source": null
          },
          "sensitive_attributes": [
            [
              {
                "type": "get_attr",
                "value": "sensitive_content"
              }
            ]
          ],
          "identity_schema_version": 0
        }
      ]
    }
  ],
  "check_results": null
}
